{
    "requires": true,
    "lockfileVersion": 1,
    "dependencies": {
        "jsme": {
            "version": "2017.2.26",
            "resolved": "https://registry.npmjs.org/jsme/-/jsme-2017.2.26.tgz",
            "integrity": "sha512-5i9wZHnwI1aJ31Y3q3Is3CoehZe+YU8x8BUV/bZPDNRUQ47GaezWRhHPjMelqGfRRitgLMI/jEGCyuczFjSjBA==",
            "dev": true
        },
        "openchemlib": {
            "version": "7.2.3",
            "resolved": "https://registry.npmjs.org/openchemlib/-/openchemlib-7.2.3.tgz",
            "integrity": "sha512-9DAj7zGdrWM4swsqHgqEq7dODdqEnW3JJOyBraHDy9hBRUitZpG2t8errxyFgyKPnehpmvDAlodCOsFi76ek3A==",
            "dev": true
        }
    }
}
